// !$*UTF8*$!
{
	archiveVersion = 1;
	classes = {
	};
	objectVersion = 46;
	objects = {

/* Begin PBXBuildFile section */
		F00D505619C18DF800201F87 /* home-list-star-hl@2x.png in Resources */ = {isa = PBXBuildFile; fileRef = F00D505419C18DF800201F87 /* home-list-star-hl@2x.png */; };
		F00D505719C18DF800201F87 /* home-list-star@2x.png in Resources */ = {isa = PBXBuildFile; fileRef = F00D505519C18DF800201F87 /* home-list-star@2x.png */; };
		F0D6495F19B06722001FD640 /* Foundation.framework in Frameworks */ = {isa = PBXBuildFile; fileRef = F0D6495E19B06722001FD640 /* Foundation.framework */; };
		F0D6496119B06722001FD640 /* CoreGraphics.framework in Frameworks */ = {isa = PBXBuildFile; fileRef = F0D6496019B06722001FD640 /* CoreGraphics.framework */; };
		F0D6496319B06722001FD640 /* UIKit.framework in Frameworks */ = {isa = PBXBuildFile; fileRef = F0D6496219B06722001FD640 /* UIKit.framework */; };
		F0D6496919B06722001FD640 /* InfoPlist.strings in Resources */ = {isa = PBXBuildFile; fileRef = F0D6496719B06722001FD640 /* InfoPlist.strings */; };
		F0D6496B19B06722001FD640 /* main.m in Sources */ = {isa = PBXBuildFile; fileRef = F0D6496A19B06722001FD640 /* main.m */; };
		F0D6496F19B06722001FD640 /* AppDelegate.m in Sources */ = {isa = PBXBuildFile; fileRef = F0D6496E19B06722001FD640 /* AppDelegate.m */; };
		F0D6497219B06722001FD640 /* Main.storyboard in Resources */ = {isa = PBXBuildFile; fileRef = F0D6497019B06722001FD640 /* Main.storyboard */; };
		F0D6497519B06722001FD640 /* ViewController.m in Sources */ = {isa = PBXBuildFile; fileRef = F0D6497419B06722001FD640 /* ViewController.m */; };
		F0D6497719B06722001FD640 /* Images.xcassets in Resources */ = {isa = PBXBuildFile; fileRef = F0D6497619B06722001FD640 /* Images.xcassets */; };
		F0D6497E19B06722001FD640 /* XCTest.framework in Frameworks */ = {isa = PBXBuildFile; fileRef = F0D6497D19B06722001FD640 /* XCTest.framework */; };
		F0D6497F19B06722001FD640 /* Foundation.framework in Frameworks */ = {isa = PBXBuildFile; fileRef = F0D6495E19B06722001FD640 /* Foundation.framework */; };
		F0D6498019B06722001FD640 /* UIKit.framework in Frameworks */ = {isa = PBXBuildFile; fileRef = F0D6496219B06722001FD640 /* UIKit.framework */; };
		F0D6498819B06722001FD640 /* InfoPlist.strings in Resources */ = {isa = PBXBuildFile; fileRef = F0D6498619B06722001FD640 /* InfoPlist.strings */; };
		F0D6498A19B06722001FD640 /* NeoStarRatingViewTests.m in Sources */ = {isa = PBXBuildFile; fileRef = F0D6498919B06722001FD640 /* NeoStarRatingViewTests.m */; };
		F0D6499519B0673B001FD640 /* NeoStarRatingView.m in Sources */ = {isa = PBXBuildFile; fileRef = F0D6499419B0673B001FD640 /* NeoStarRatingView.m */; };
/* End PBXBuildFile section */

/* Begin PBXContainerItemProxy section */
		F0D6498119B06722001FD640 /* PBXContainerItemProxy */ = {
			isa = PBXContainerItemProxy;
			containerPortal = F0D6495319B06722001FD640 /* Project object */;
			proxyType = 1;
			remoteGlobalIDString = F0D6495A19B06722001FD640;
			remoteInfo = NeoStarRatingView;
		};
/* End PBXContainerItemProxy section */

/* Begin PBXFileReference section */
		F00D505419C18DF800201F87 /* home-list-star-hl@2x.png */ = {isa = PBXFileReference; lastKnownFileType = image.png; path = "home-list-star-hl@2x.png"; sourceTree = "<group>"; };
		F00D505519C18DF800201F87 /* home-list-star@2x.png */ = {isa = PBXFileReference; lastKnownFileType = image.png; path = "home-list-star@2x.png"; sourceTree = "<group>"; };
		F0D6495B19B06722001FD640 /* NeoStarRatingView.app */ = {isa = PBXFileReference; explicitFileType = wrapper.application; includeInIndex = 0; path = NeoStarRatingView.app; sourceTree = BUILT_PRODUCTS_DIR; };
		F0D6495E19B06722001FD640 /* Foundation.framework */ = {isa = PBXFileReference; lastKnownFileType = wrapper.framework; name = Foundation.framework; path = System/Library/Frameworks/Foundation.framework; sourceTree = SDKROOT; };
		F0D6496019B06722001FD640 /* CoreGraphics.framework */ = {isa = PBXFileReference; lastKnownFileType = wrapper.framework; name = CoreGraphics.framework; path = System/Library/Frameworks/CoreGraphics.framework; sourceTree = SDKROOT; };
		F0D6496219B06722001FD640 /* UIKit.framework */ = {isa = PBXFileReference; lastKnownFileType = wrapper.framework; name = UIKit.framework; path = System/Library/Frameworks/UIKit.framework; sourceTree = SDKROOT; };
		F0D6496619B06722001FD640 /* NeoStarRatingView-Info.plist */ = {isa = PBXFileReference; lastKnownFileType = text.plist.xml; path = "NeoStarRatingView-Info.plist"; sourceTree = "<group>"; };
		F0D6496819B06722001FD640 /* en */ = {isa = PBXFileReference; lastKnownFileType = text.plist.strings; name = en; path = en.lproj/InfoPlist.strings; sourceTree = "<group>"; };
		F0D6496A19B06722001FD640 /* main.m */ = {isa = PBXFileReference; lastKnownFileType = sourcecode.c.objc; path = main.m; sourceTree = "<group>"; };
		F0D6496C19B06722001FD640 /* NeoStarRatingView-Prefix.pch */ = {isa = PBXFileReference; lastKnownFileType = sourcecode.c.h; path = "NeoStarRatingView-Prefix.pch"; sourceTree = "<group>"; };
		F0D6496D19B06722001FD640 /* AppDelegate.h */ = {isa = PBXFileReference; lastKnownFileType = sourcecode.c.h; path = AppDelegate.h; sourceTree = "<group>"; };
		F0D6496E19B06722001FD640 /* AppDelegate.m */ = {isa = PBXFileReference; lastKnownFileType = sourcecode.c.objc; path = AppDelegate.m; sourceTree = "<group>"; };
		F0D6497119B06722001FD640 /* Base */ = {isa = PBXFileReference; lastKnownFileType = file.storyboard; name = Base; path = Base.lproj/Main.storyboard; sourceTree = "<group>"; };
		F0D6497319B06722001FD640 /* ViewController.h */ = {isa = PBXFileReference; lastKnownFileType = sourcecode.c.h; path = ViewController.h; sourceTree = "<group>"; };
		F0D6497419B06722001FD640 /* ViewController.m */ = {isa = PBXFileReference; lastKnownFileType = sourcecode.c.objc; path = ViewController.m; sourceTree = "<group>"; };
		F0D6497619B06722001FD640 /* Images.xcassets */ = {isa = PBXFileReference; lastKnownFileType = folder.assetcatalog; path = Images.xcassets; sourceTree = "<group>"; };
		F0D6497C19B06722001FD640 /* NeoStarRatingViewTests.xctest */ = {isa = PBXFileReference; explicitFileType = wrapper.cfbundle; includeInIndex = 0; path = NeoStarRatingViewTests.xctest; sourceTree = BUILT_PRODUCTS_DIR; };
		F0D6497D19B06722001FD640 /* XCTest.framework */ = {isa = PBXFileReference; lastKnownFileType = wrapper.framework; name = XCTest.framework; path = Library/Frameworks/XCTest.framework; sourceTree = DEVELOPER_DIR; };
		F0D6498519B06722001FD640 /* NeoStarRatingViewTests-Info.plist */ = {isa = PBXFileReference; lastKnownFileType = text.plist.xml; path = "NeoStarRatingViewTests-Info.plist"; sourceTree = "<group>"; };
		F0D6498719B06722001FD640 /* en */ = {isa = PBXFileReference; lastKnownFileType = text.plist.strings; name = en; path = en.lproj/InfoPlist.strings; sourceTree = "<group>"; };
		F0D6498919B06722001FD640 /* NeoStarRatingViewTests.m */ = {isa = PBXFileReference; lastKnownFileType = sourcecode.c.objc; path = NeoStarRatingViewTests.m; sourceTree = "<group>"; };
		F0D6499319B0673B001FD640 /* NeoStarRatingView.h */ = {isa = PBXFileReference; fileEncoding = 4; lastKnownFileType = sourcecode.c.h; path = NeoStarRatingView.h; sourceTree = "<group>"; };
		F0D6499419B0673B001FD640 /* NeoStarRatingView.m */ = {isa = PBXFileReference; fileEncoding = 4; lastKnownFileType = sourcecode.c.objc; path = NeoStarRatingView.m; sourceTree = "<group>"; };
/* End PBXFileReference section */

/* Begin PBXFrameworksBuildPhase section */
		F0D6495819B06722001FD640 /* Frameworks */ = {
			isa = PBXFrameworksBuildPhase;
			buildActionMask = 2147483647;
			files = (
				F0D6496119B06722001FD640 /* CoreGraphics.framework in Frameworks */,
				F0D6496319B06722001FD640 /* UIKit.framework in Frameworks */,
				F0D6495F19B06722001FD640 /* Foundation.framework in Frameworks */,
			);
			runOnlyForDeploymentPostprocessing = 0;
		};
		F0D6497919B06722001FD640 /* Frameworks */ = {
			isa = PBXFrameworksBuildPhase;
			buildActionMask = 2147483647;
			files = (
				F0D6497E19B06722001FD640 /* XCTest.framework in Frameworks */,
				F0D6498019B06722001FD640 /* UIKit.framework in Frameworks */,
				F0D6497F19B06722001FD640 /* Foundation.framework in Frameworks */,
			);
			runOnlyForDeploymentPostprocessing = 0;
		};
/* End PBXFrameworksBuildPhase section */

/* Begin PBXGroup section */
		F0D6495219B06722001FD640 = {
			isa = PBXGroup;
			children = (
				F0D6496419B06722001FD640 /* NeoStarRatingView */,
				F0D6498319B06722001FD640 /* NeoStarRatingViewTests */,
				F0D6495D19B06722001FD640 /* Frameworks */,
				F0D6495C19B06722001FD640 /* Products */,
			);
			sourceTree = "<group>";
		};
		F0D6495C19B06722001FD640 /* Products */ = {
			isa = PBXGroup;
			children = (
				F0D6495B19B06722001FD640 /* NeoStarRatingView.app */,
				F0D6497C19B06722001FD640 /* NeoStarRatingViewTests.xctest */,
			);
			name = Products;
			sourceTree = "<group>";
		};
		F0D6495D19B06722001FD640 /* Frameworks */ = {
			isa = PBXGroup;
			children = (
				F0D6495E19B06722001FD640 /* Foundation.framework */,
				F0D6496019B06722001FD640 /* CoreGraphics.framework */,
				F0D6496219B06722001FD640 /* UIKit.framework */,
				F0D6497D19B06722001FD640 /* XCTest.framework */,
			);
			name = Frameworks;
			sourceTree = "<group>";
		};
		F0D6496419B06722001FD640 /* NeoStarRatingView */ = {
			isa = PBXGroup;
			children = (
				F0D6496D19B06722001FD640 /* AppDelegate.h */,
				F0D6496E19B06722001FD640 /* AppDelegate.m */,
				F0D6497019B06722001FD640 /* Main.storyboard */,
				F0D6497319B06722001FD640 /* ViewController.h */,
				F0D6497419B06722001FD640 /* ViewController.m */,
				F00D505419C18DF800201F87 /* home-list-star-hl@2x.png */,
				F00D505519C18DF800201F87 /* home-list-star@2x.png */,
				F0D6499319B0673B001FD640 /* NeoStarRatingView.h */,
				F0D6499419B0673B001FD640 /* NeoStarRatingView.m */,
				F0D6497619B06722001FD640 /* Images.xcassets */,
				F0D6496519B06722001FD640 /* Supporting Files */,
			);
			path = NeoStarRatingView;
			sourceTree = "<group>";
		};
		F0D6496519B06722001FD640 /* Supporting Files */ = {
			isa = PBXGroup;
			children = (
				F0D6496619B06722001FD640 /* NeoStarRatingView-Info.plist */,
				F0D6496719B06722001FD640 /* InfoPlist.strings */,
				F0D6496A19B06722001FD640 /* main.m */,
				F0D6496C19B06722001FD640 /* NeoStarRatingView-Prefix.pch */,
			);
			name = "Supporting Files";
			sourceTree = "<group>";
		};
		F0D6498319B06722001FD640 /* NeoStarRatingViewTests */ = {
			isa = PBXGroup;
			children = (
				F0D6498919B06722001FD640 /* NeoStarRatingViewTests.m */,
				F0D6498419B06722001FD640 /* Supporting Files */,
			);
			path = NeoStarRatingViewTests;
			sourceTree = "<group>";
		};
		F0D6498419B06722001FD640 /* Supporting Files */ = {
			isa = PBXGroup;
			children = (
				F0D6498519B06722001FD640 /* NeoStarRatingViewTests-Info.plist */,
				F0D6498619B06722001FD640 /* InfoPlist.strings */,
			);
			name = "Supporting Files";
			sourceTree = "<group>";
		};
/* End PBXGroup section */

/* Begin PBXNativeTarget section */
		F0D6495A19B06722001FD640 /* NeoStarRatingView */ = {
			isa = PBXNativeTarget;
			buildConfigurationList = F0D6498D19B06722001FD640 /* Build configuration list for PBXNativeTarget "NeoStarRatingView" */;
			buildPhases = (
				F0D6495719B06722001FD640 /* Sources */,
				F0D6495819B06722001FD640 /* Frameworks */,
				F0D6495919B06722001FD640 /* Resources */,
			);
			buildRules = (
			);
			dependencies = (
			);
			name = NeoStarRatingView;
			productName = NeoStarRatingView;
			productReference = F0D6495B19B06722001FD640 /* NeoStarRatingView.app */;
			productType = "com.apple.product-type.application";
		};
		F0D6497B19B06722001FD640 /* NeoStarRatingViewTests */ = {
			isa = PBXNativeTarget;
			buildConfigurationList = F0D6499019B06722001FD640 /* Build configuration list for PBXNativeTarget "NeoStarRatingViewTests" */;
			buildPhases = (
				F0D6497819B06722001FD640 /* Sources */,
				F0D6497919B06722001FD640 /* Frameworks */,
				F0D6497A19B06722001FD640 /* Resources */,
			);
			buildRules = (
			);
			dependencies = (
				F0D6498219B06722001FD640 /* PBXTargetDependency */,
			);
			name = NeoStarRatingViewTests;
			productName = NeoStarRatingViewTests;
			productReference = F0D6497C19B06722001FD640 /* NeoStarRatingViewTests.xctest */;
			productType = "com.apple.product-type.bundle.unit-test";
		};
/* End PBXNativeTarget section */

/* Begin PBXProject section */
		F0D6495319B06722001FD640 /* Project object */ = {
			isa = PBXProject;
			attributes = {
				LastUpgradeCheck = 0510;
				ORGANIZATIONNAME = Neolix;
				TargetAttributes = {
					F0D6497B19B06722001FD640 = {
						TestTargetID = F0D6495A19B06722001FD640;
					};
				};
			};
			buildConfigurationList = F0D6495619B06722001FD640 /* Build configuration list for PBXProject "NeoStarRatingView" */;
			compatibilityVersion = "Xcode 3.2";
			developmentRegion = English;
			hasScannedForEncodings = 0;
			knownRegions = (
				en,
				Base,
			);
			mainGroup = F0D6495219B06722001FD640;
			productRefGroup = F0D6495C19B06722001FD640 /* Products */;
			projectDirPath = "";
			projectRoot = "";
			targets = (
				F0D6495A19B06722001FD640 /* NeoStarRatingView */,
				F0D6497B19B06722001FD640 /* NeoStarRatingViewTests */,
			);
		};
/* End PBXProject section */

/* Begin PBXResourcesBuildPhase section */
		F0D6495919B06722001FD640 /* Resources */ = {
			isa = PBXResourcesBuildPhase;
			buildActionMask = 2147483647;
			files = (
				F0D6497719B06722001FD640 /* Images.xcassets in Resources */,
				F0D6496919B06722001FD640 /* InfoPlist.strings in Resources */,
				F00D505719C18DF800201F87 /* home-list-star@2x.png in Resources */,
				F0D6497219B06722001FD640 /* Main.storyboard in Resources */,
				F00D505619C18DF800201F87 /* home-list-star-hl@2x.png in Resources */,
			);
			runOnlyForDeploymentPostprocessing = 0;
		};
		F0D6497A19B06722001FD640 /* Resources */ = {
			isa = PBXResourcesBuildPhase;
			buildActionMask = 2147483647;
			files = (
				F0D6498819B06722001FD640 /* InfoPlist.strings in Resources */,
			);
			runOnlyForDeploymentPostprocessing = 0;
		};
/* End PBXResourcesBuildPhase section */

/* Begin PBXSourcesBuildPhase section */
		F0D6495719B06722001FD640 /* Sources */ = {
			isa = PBXSourcesBuildPhase;
			buildActionMask = 2147483647;
			files = (
				F0D6497519B06722001FD640 /* ViewController.m in Sources */,
				F0D6496F19B06722001FD640 /* AppDelegate.m in Sources */,
				F0D6499519B0673B001FD640 /* NeoStarRatingView.m in Sources */,
				F0D6496B19B06722001FD640 /* main.m in Sources */,
			);
			runOnlyForDeploymentPostprocessing = 0;
		};
		F0D6497819B06722001FD640 /* Sources */ = {
			isa = PBXSourcesBuildPhase;
			buildActionMask = 2147483647;
			files = (
				F0D6498A19B06722001FD640 /* NeoStarRatingViewTests.m in Sources */,
			);
			runOnlyForDeploymentPostprocessing = 0;
		};
/* End PBXSourcesBuildPhase section */

/* Begin PBXTargetDependency section */
		F0D6498219B06722001FD640 /* PBXTargetDependency */ = {
			isa = PBXTargetDependency;
			target = F0D6495A19B06722001FD640 /* NeoStarRatingView */;
			targetProxy = F0D6498119B06722001FD640 /* PBXContainerItemProxy */;
		};
/* End PBXTargetDependency section */

/* Begin PBXVariantGroup section */
		F0D6496719B06722001FD640 /* InfoPlist.strings */ = {
			isa = PBXVariantGroup;
			children = (
				F0D6496819B06722001FD640 /* en */,
			);
			name = InfoPlist.strings;
			sourceTree = "<group>";
		};
		F0D6497019B06722001FD640 /* Main.storyboard */ = {
			isa = PBXVariantGroup;
			children = (
				F0D6497119B06722001FD640 /* Base */,
			);
			name = Main.storyboard;
			sourceTree = "<group>";
		};
		F0D6498619B06722001FD640 /* InfoPlist.strings */ = {
			isa = PBXVariantGroup;
			children = (
				F0D6498719B06722001FD640 /* en */,
			);
			name = InfoPlist.strings;
			sourceTree = "<group>";
		};
/* End PBXVariantGroup section */

/* Begin XCBuildConfiguration section */
		F0D6498B19B06722001FD640 /* Debug */ = {
			isa = XCBuildConfiguration;
			buildSettings = {
				ALWAYS_SEARCH_USER_PATHS = NO;
				CLANG_CXX_LANGUAGE_STANDARD = "gnu++0x";
				CLANG_CXX_LIBRARY = "libc++";
				CLANG_ENABLE_MODULES = YES;
				CLANG_ENABLE_OBJC_ARC = YES;
				CLANG_WARN_BOOL_CONVERSION = YES;
				CLANG_WARN_CONSTANT_CONVERSION = YES;
				CLANG_WARN_DIRECT_OBJC_ISA_USAGE = YES_ERROR;
				CLANG_WARN_EMPTY_BODY = YES;
				CLANG_WARN_ENUM_CONVERSION = YES;
				CLANG_WARN_INT_CONVERSION = YES;
				CLANG_WARN_OBJC_ROOT_CLASS = YES_ERROR;
				CLANG_WARN__DUPLICATE_METHOD_MATCH = YES;
				"CODE_SIGN_IDENTITY[sdk=iphoneos*]" = "iPhone Developer";
				COPY_PHASE_STRIP = NO;
				GCC_C_LANGUAGE_STANDARD = gnu99;
				GCC_DYNAMIC_NO_PIC = NO;
				GCC_OPTIMIZATION_LEVEL = 0;
				GCC_PREPROCESSOR_DEFINITIONS = (
					"DEBUG=1",
					"$(inherited)",
				);
				GCC_SYMBOLS_PRIVATE_EXTERN = NO;
				GCC_WARN_64_TO_32_BIT_CONVERSION = YES;
				GCC_WARN_ABOUT_RETURN_TYPE = YES_ERROR;
				GCC_WARN_UNDECLARED_SELECTOR = YES;
				GCC_WARN_UNINITIALIZED_AUTOS = YES_AGGRESSIVE;
				GCC_WARN_UNUSED_FUNCTION = YES;
				GCC_WARN_UNUSED_VARIABLE = YES;
				IPHONEOS_DEPLOYMENT_TARGET = 7.1;
				ONLY_ACTIVE_ARCH = YES;
				SDKROOT = iphoneos;
			};
			name = Debug;
		};
		F0D6498C19B06722001FD640 /* Release */ = {
			isa = XCBuildConfiguration;
			buildSettings = {
				ALWAYS_SEARCH_USER_PATHS = NO;
				CLANG_CXX_LANGUAGE_STANDARD = "gnu++0x";
				CLANG_CXX_LIBRARY = "libc++";
				CLANG_ENABLE_MODULES = YES;
				CLANG_ENABLE_OBJC_ARC = YES;
				CLANG_WARN_BOOL_CONVERSION = YES;
				CLANG_WARN_CONSTANT_CONVERSION = YES;
				CLANG_WARN_DIRECT_OBJC_ISA_USAGE = YES_ERROR;
				CLANG_WARN_EMPTY_BODY = YES;
				CLANG_WARN_ENUM_CONVERSION = YES;
				CLANG_WARN_INT_CONVERSION = YES;
				CLANG_WARN_OBJC_ROOT_CLASS = YES_ERROR;
				CLANG_WARN__DUPLICATE_METHOD_MATCH = YES;
				"CODE_SIGN_IDENTITY[sdk=iphoneos*]" = "iPhone Developer";
				COPY_PHASE_STRIP = YES;
				ENABLE_NS_ASSERTIONS = NO;
				GCC_C_LANGUAGE_STANDARD = gnu99;
				GCC_WARN_64_TO_32_BIT_CONVERSION = YES;
				GCC_WARN_ABOUT_RETURN_TYPE = YES_ERROR;
				GCC_WARN_UNDECLARED_SELECTOR = YES;
				GCC_WARN_UNINITIALIZED_AUTOS = YES_AGGRESSIVE;
				GCC_WARN_UNUSED_FUNCTION = YES;
				GCC_WARN_UNUSED_VARIABLE = YES;
				IPHONEOS_DEPLOYMENT_TARGET = 7.1;
				SDKROOT = iphoneos;
				VALIDATE_PRODUCT = YES;
			};
			name = Release;
		};
		F0D6498E19B06722001FD640 /* Debug */ = {
			isa = XCBuildConfiguration;
			buildSettings = {
				ASSETCATALOG_COMPILER_APPICON_NAME = AppIcon;
				ASSETCATALOG_COMPILER_LAUNCHIMAGE_NAME = LaunchImage;
				GCC_PRECOMPILE_PREFIX_HEADER = YES;
				GCC_PREFIX_HEADER = "NeoStarRatingView/NeoStarRatingView-Prefix.pch";
				INFOPLIST_FILE = "NeoStarRatingView/NeoStarRatingView-Info.plist";
				PRODUCT_NAME = "$(TARGET_NAME)";
				WRAPPER_EXTENSION = app;
			};
			name = Debug;
		};
		F0D6498F19B06722001FD640 /* Release */ = {
			isa = XCBuildConfiguration;
			buildSettings = {
				ASSETCATALOG_COMPILER_APPICON_NAME = AppIcon;
				ASSETCATALOG_COMPILER_LAUNCHIMAGE_NAME = LaunchImage;
				GCC_PRECOMPILE_PREFIX_HEADER = YES;
				GCC_PREFIX_HEADER = "NeoStarRatingView/NeoStarRatingView-Prefix.pch";
				INFOPLIST_FILE = "NeoStarRatingView/NeoStarRatingView-Info.plist";
				PRODUCT_NAME = "$(TARGET_NAME)";
				WRAPPER_EXTENSION = app;
			};
			name = Release;
		};
		F0D6499119B06722001FD640 /* Debug */ = {
			isa = XCBuildConfiguration;
			buildSettings = {
				BUNDLE_LOADER = "$(BUILT_PRODUCTS_DIR)/NeoStarRatingView.app/NeoStarRatingView";
				FRAMEWORK_SEARCH_PATHS = (
					"$(SDKROOT)/Developer/Library/Frameworks",
					"$(inherited)",
					"$(DEVELOPER_FRAMEWORKS_DIR)",
				);
				GCC_PRECOMPILE_PREFIX_HEADER = YES;
				GCC_PREFIX_HEADER = "NeoStarRatingView/NeoStarRatingView-Prefix.pch";
				GCC_PREPROCESSOR_DEFINITIONS = (
					"DEBUG=1",
					"$(inherited)",
				);
				INFOPLIST_FILE = "NeoStarRatingViewTests/NeoStarRatingViewTests-Info.plist";
				PRODUCT_NAME = "$(TARGET_NAME)";
				TEST_HOST = "$(BUNDLE_LOADER)";
				WRAPPER_EXTENSION = xctest;
			};
			name = Debug;
		};
		F0D6499219B06722001FD640 /* Release */ = {
			isa = XCBuildConfiguration;
			buildSettings = {
				BUNDLE_LOADER = "$(BUILT_PRODUCTS_DIR)/NeoStarRatingView.app/NeoStarRatingView";
				FRAMEWORK_SEARCH_PATHS = (
					"$(SDKROOT)/Developer/Library/Frameworks",
					"$(inherited)",
					"$(DEVELOPER_FRAMEWORKS_DIR)",
				);
				GCC_PRECOMPILE_PREFIX_HEADER = YES;
				GCC_PREFIX_HEADER = "NeoStarRatingView/NeoStarRatingView-Prefix.pch";
				INFOPLIST_FILE = "NeoStarRatingViewTests/NeoStarRatingViewTests-Info.plist";
				PRODUCT_NAME = "$(TARGET_NAME)";
				TEST_HOST = "$(BUNDLE_LOADER)";
				WRAPPER_EXTENSION = xctest;
			};
			name = Release;
		};
/* End XCBuildConfiguration section */

/* Begin XCConfigurationList section */
		F0D6495619B06722001FD640 /* Build configuration list for PBXProject "NeoStarRatingView" */ = {
			isa = XCConfigurationList;
			buildConfigurations = (
				F0D6498B19B06722001FD640 /* Debug */,
				F0D6498C19B06722001FD640 /* Release */,
			);
			defaultConfigurationIsVisible = 0;
			defaultConfigurationName = Release;
		};
		F0D6498D19B06722001FD640 /* Build configuration list for PBXNativeTarget "NeoStarRatingView" */ = {
			isa = XCConfigurationList;
			buildConfigurations = (
				F0D6498E19B06722001FD640 /* Debug */,
				F0D6498F19B06722001FD640 /* Release */,
			);
			defaultConfigurationIsVisible = 0;
			defaultConfigurationName = Release;
		};
		F0D6499019B06722001FD640 /* Build configuration list for PBXNativeTarget "NeoStarRatingViewTests" */ = {
			isa = XCConfigurationList;
			buildConfigurations = (
				F0D6499119B06722001FD640 /* Debug */,
				F0D6499219B06722001FD640 /* Release */,
			);
			defaultConfigurationIsVisible = 0;
			defaultConfigurationName = Release;
		};
/* End XCConfigurationList section */
	};
	rootObject = F0D6495319B06722001FD640 /* Project object */;
}
